{
  "name": "example",
  "lockfileVersion": 3,
  "requires": true,
  "packages": {
    "": {
      "dependencies": {
        "jeykll-maths-latex-renderer-node-support": "file:../../jeykll-maths-latex-renderer-support"
      }
    },
    "../../jeykll-maths-latex-renderer-support": {
      "name": "jeykll-maths-latex-to-image-node-support",
      "version": "0.1.4",
      "license": "MIT",
      "dependencies": {
        "glob": "11.0.1",
        "json-rpc-2.0": "^1.7.0",
        "sharp": "^0.33.2",
        "texsvg": "^2.2.2"
      },
      "bin": {
        "jekyll-maths-svg2png": "svg_to_png_converter.js",
        "jekyll-maths-tex2svg": "tex2svg_renderer/index.js"
      },
      "devDependencies": {
        "jest": "^29.0.0",
        "typescript": "^5.0.0"
      }
    },
    "../../maths_renderer_texsvg_js": {
      "extraneous": true
    },
    "../maths_renderer_texsvg_js": {
      "extraneous": true
    },
    "node_modules/jeykll-maths-latex-renderer-node-support": {
      "resolved": "../../jeykll-maths-latex-renderer-support",
      "link": true
    }
  }
}
